
Microsoft Visual Studio Solution File, Format Version 9.00
# Visual Studio 2005
Project("{54435603-DBB4-11D2-8724-00A0C9A8B90C}") = "chinesename", "chinesename\chinesename.vdproj", "{F8E537BB-7D28-4C32-B716-C7CAA298F7B6}"
EndProject
Global
	GlobalSection(SolutionConfigurationPlatforms) = preSolution
		Debug|Default = Debug|Default
		Release|Default = Release|Default
	EndGlobalSection
	GlobalSection(ProjectConfigurationPlatforms) = postSolution
		{F8E537BB-7D28-4C32-B716-C7CAA298F7B6}.Debug|Default.ActiveCfg = Debug
		{F8E537BB-7D28-4C32-B716-C7CAA298F7B6}.Debug|Default.Build.0 = Debug
		{F8E537BB-7D28-4C32-B716-C7CAA298F7B6}.Release|Default.ActiveCfg = Release
		{F8E537BB-7D28-4C32-B716-C7CAA298F7B6}.Release|Default.Build.0 = Release
	EndGlobalSection
	GlobalSection(SolutionProperties) = preSolution
		HideSolutionNode = FALSE
	EndGlobalSection
EndGlobal
